PODS:
  - FBSnapshotTestCase (2.1.4):
    - FBSnapshotTestCase/SwiftSupport (= 2.1.4)
  - FBSnapshotTestCase/Core (2.1.4)
  - FBSnapshotTestCase/SwiftSupport (2.1.4):
    - FBSnapshotTestCase/Core

DEPENDENCIES:
  - FBSnapshotTestCase (~> 2.1)

SPEC REPOS:
  https://github.com/CocoaPods/Specs.git:
    - FBSnapshotTestCase

SPEC CHECKSUMS:
  FBSnapshotTestCase: 094f9f314decbabe373b87cc339bea235a63e07a

PODFILE CHECKSUM: 3bc60059b690a9909b4882dc1ea64f4053964e2a

COCOAPODS: 1.10.2
