// !$*UTF8*$!
{
	archiveVersion = 1;
	classes = {
	};
	objectVersion = 50;
	objects = {

/* Begin PBXBuildFile section */
		6355662D26D6EAF300FF57F0 /* AppDelegate.swift in Sources */ = {isa = PBXBuildFile; fileRef = 6355662C26D6EAF300FF57F0 /* AppDelegate.swift */; };
		6355662F26D6EAF300FF57F0 /* SceneDelegate.swift in Sources */ = {isa = PBXBuildFile; fileRef = 6355662E26D6EAF300FF57F0 /* SceneDelegate.swift */; };
		6355663126D6EAF300FF57F0 /* ViewController.swift in Sources */ = {isa = PBXBuildFile; fileRef = 6355663026D6EAF300FF57F0 /* ViewController.swift */; };
		6355663426D6EAF300FF57F0 /* Main.storyboard in Resources */ = {isa = PBXBuildFile; fileRef = 6355663226D6EAF300FF57F0 /* Main.storyboard */; };
		6355663626D6EAF400FF57F0 /* Assets.xcassets in Resources */ = {isa = PBXBuildFile; fileRef = 6355663526D6EAF400FF57F0 /* Assets.xcassets */; };
		6355663926D6EAF400FF57F0 /* LaunchScreen.storyboard in Resources */ = {isa = PBXBuildFile; fileRef = 6355663726D6EAF400FF57F0 /* LaunchScreen.storyboard */; };
		6355664426D6EAF400FF57F0 /* BuckSampleTests.swift in Sources */ = {isa = PBXBuildFile; fileRef = 6355664326D6EAF400FF57F0 /* BuckSampleTests.swift */; };
		6355664F26D6EAF400FF57F0 /* BuckSampleUITests.swift in Sources */ = {isa = PBXBuildFile; fileRef = 6355664E26D6EAF400FF57F0 /* BuckSampleUITests.swift */; };
/* End PBXBuildFile section */

/* Begin PBXContainerItemProxy section */
		6355664026D6EAF400FF57F0 /* PBXContainerItemProxy */ = {
			isa = PBXContainerItemProxy;
			containerPortal = 6355662126D6EAF300FF57F0 /* Project object */;
			proxyType = 1;
			remoteGlobalIDString = 6355662826D6EAF300FF57F0;
			remoteInfo = BuckSample;
		};
		6355664B26D6EAF400FF57F0 /* PBXContainerItemProxy */ = {
			isa = PBXContainerItemProxy;
			containerPortal = 6355662126D6EAF300FF57F0 /* Project object */;
			proxyType = 1;
			remoteGlobalIDString = 6355662826D6EAF300FF57F0;
			remoteInfo = BuckSample;
		};
/* End PBXContainerItemProxy section */

/* Begin PBXFileReference section */
		6355662926D6EAF300FF57F0 /* BuckSample.app */ = {isa = PBXFileReference; explicitFileType = wrapper.application; includeInIndex = 0; path = BuckSample.app; sourceTree = BUILT_PRODUCTS_DIR; };
		6355662C26D6EAF300FF57F0 /* AppDelegate.swift */ = {isa = PBXFileReference; lastKnownFileType = sourcecode.swift; path = AppDelegate.swift; sourceTree = "<group>"; };
		6355662E26D6EAF300FF57F0 /* SceneDelegate.swift */ = {isa = PBXFileReference; lastKnownFileType = sourcecode.swift; path = SceneDelegate.swift; sourceTree = "<group>"; };
		6355663026D6EAF300FF57F0 /* ViewController.swift */ = {isa = PBXFileReference; lastKnownFileType = sourcecode.swift; path = ViewController.swift; sourceTree = "<group>"; };
		6355663326D6EAF300FF57F0 /* Base */ = {isa = PBXFileReference; lastKnownFileType = file.storyboard; name = Base; path = Base.lproj/Main.storyboard; sourceTree = "<group>"; };
		6355663526D6EAF400FF57F0 /* Assets.xcassets */ = {isa = PBXFileReference; lastKnownFileType = folder.assetcatalog; path = Assets.xcassets; sourceTree = "<group>"; };
		6355663826D6EAF400FF57F0 /* Base */ = {isa = PBXFileReference; lastKnownFileType = file.storyboard; name = Base; path = Base.lproj/LaunchScreen.storyboard; sourceTree = "<group>"; };
		6355663A26D6EAF400FF57F0 /* Info.plist */ = {isa = PBXFileReference; lastKnownFileType = text.plist.xml; path = Info.plist; sourceTree = "<group>"; };
		6355663F26D6EAF400FF57F0 /* BuckSampleTests.xctest */ = {isa = PBXFileReference; explicitFileType = wrapper.cfbundle; includeInIndex = 0; path = BuckSampleTests.xctest; sourceTree = BUILT_PRODUCTS_DIR; };
		6355664326D6EAF400FF57F0 /* BuckSampleTests.swift */ = {isa = PBXFileReference; lastKnownFileType = sourcecode.swift; path = BuckSampleTests.swift; sourceTree = "<group>"; };
		6355664526D6EAF400FF57F0 /* Info.plist */ = {isa = PBXFileReference; lastKnownFileType = text.plist.xml; path = Info.plist; sourceTree = "<group>"; };
		6355664A26D6EAF400FF57F0 /* BuckSampleUITests.xctest */ = {isa = PBXFileReference; explicitFileType = wrapper.cfbundle; includeInIndex = 0; path = BuckSampleUITests.xctest; sourceTree = BUILT_PRODUCTS_DIR; };
		6355664E26D6EAF400FF57F0 /* BuckSampleUITests.swift */ = {isa = PBXFileReference; lastKnownFileType = sourcecode.swift; path = BuckSampleUITests.swift; sourceTree = "<group>"; };
		6355665026D6EAF400FF57F0 /* Info.plist */ = {isa = PBXFileReference; lastKnownFileType = text.plist.xml; path = Info.plist; sourceTree = "<group>"; };
/* End PBXFileReference section */

/* Begin PBXFrameworksBuildPhase section */
		6355662626D6EAF300FF57F0 /* Frameworks */ = {
			isa = PBXFrameworksBuildPhase;
			buildActionMask = 2147483647;
			files = (
			);
			runOnlyForDeploymentPostprocessing = 0;
		};
		6355663C26D6EAF400FF57F0 /* Frameworks */ = {
			isa = PBXFrameworksBuildPhase;
			buildActionMask = 2147483647;
			files = (
			);
			runOnlyForDeploymentPostprocessing = 0;
		};
		6355664726D6EAF400FF57F0 /* Frameworks */ = {
			isa = PBXFrameworksBuildPhase;
			buildActionMask = 2147483647;
			files = (
			);
			runOnlyForDeploymentPostprocessing = 0;
		};
/* End PBXFrameworksBuildPhase section */

/* Begin PBXGroup section */
		6355662026D6EAF300FF57F0 = {
			isa = PBXGroup;
			children = (
				6355662B26D6EAF300FF57F0 /* BuckSample */,
				6355664226D6EAF400FF57F0 /* BuckSampleTests */,
				6355664D26D6EAF400FF57F0 /* BuckSampleUITests */,
				6355662A26D6EAF300FF57F0 /* Products */,
			);
			sourceTree = "<group>";
		};
		6355662A26D6EAF300FF57F0 /* Products */ = {
			isa = PBXGroup;
			children = (
				6355662926D6EAF300FF57F0 /* BuckSample.app */,
				6355663F26D6EAF400FF57F0 /* BuckSampleTests.xctest */,
				6355664A26D6EAF400FF57F0 /* BuckSampleUITests.xctest */,
			);
			name = Products;
			sourceTree = "<group>";
		};
		6355662B26D6EAF300FF57F0 /* BuckSample */ = {
			isa = PBXGroup;
			children = (
				6355662C26D6EAF300FF57F0 /* AppDelegate.swift */,
				6355662E26D6EAF300FF57F0 /* SceneDelegate.swift */,
				6355663026D6EAF300FF57F0 /* ViewController.swift */,
				6355663226D6EAF300FF57F0 /* Main.storyboard */,
				6355663526D6EAF400FF57F0 /* Assets.xcassets */,
				6355663726D6EAF400FF57F0 /* LaunchScreen.storyboard */,
				6355663A26D6EAF400FF57F0 /* Info.plist */,
			);
			path = BuckSample;
			sourceTree = "<group>";
		};
		6355664226D6EAF400FF57F0 /* BuckSampleTests */ = {
			isa = PBXGroup;
			children = (
				6355664326D6EAF400FF57F0 /* BuckSampleTests.swift */,
				6355664526D6EAF400FF57F0 /* Info.plist */,
			);
			path = BuckSampleTests;
			sourceTree = "<group>";
		};
		6355664D26D6EAF400FF57F0 /* BuckSampleUITests */ = {
			isa = PBXGroup;
			children = (
				6355664E26D6EAF400FF57F0 /* BuckSampleUITests.swift */,
				6355665026D6EAF400FF57F0 /* Info.plist */,
			);
			path = BuckSampleUITests;
			sourceTree = "<group>";
		};
/* End PBXGroup section */

/* Begin PBXNativeTarget section */
		6355662826D6EAF300FF57F0 /* BuckSample */ = {
			isa = PBXNativeTarget;
			buildConfigurationList = 6355665326D6EAF400FF57F0 /* Build configuration list for PBXNativeTarget "BuckSample" */;
			buildPhases = (
				6355662526D6EAF300FF57F0 /* Sources */,
				6355662626D6EAF300FF57F0 /* Frameworks */,
				6355662726D6EAF300FF57F0 /* Resources */,
			);
			buildRules = (
			);
			dependencies = (
			);
			name = BuckSample;
			productName = BuckSample;
			productReference = 6355662926D6EAF300FF57F0 /* BuckSample.app */;
			productType = "com.apple.product-type.application";
		};
		6355663E26D6EAF400FF57F0 /* BuckSampleTests */ = {
			isa = PBXNativeTarget;
			buildConfigurationList = 6355665626D6EAF400FF57F0 /* Build configuration list for PBXNativeTarget "BuckSampleTests" */;
			buildPhases = (
				6355663B26D6EAF400FF57F0 /* Sources */,
				6355663C26D6EAF400FF57F0 /* Frameworks */,
				6355663D26D6EAF400FF57F0 /* Resources */,
			);
			buildRules = (
			);
			dependencies = (
				6355664126D6EAF400FF57F0 /* PBXTargetDependency */,
			);
			name = BuckSampleTests;
			productName = BuckSampleTests;
			productReference = 6355663F26D6EAF400FF57F0 /* BuckSampleTests.xctest */;
			productType = "com.apple.product-type.bundle.unit-test";
		};
		6355664926D6EAF400FF57F0 /* BuckSampleUITests */ = {
			isa = PBXNativeTarget;
			buildConfigurationList = 6355665926D6EAF400FF57F0 /* Build configuration list for PBXNativeTarget "BuckSampleUITests" */;
			buildPhases = (
				6355664626D6EAF400FF57F0 /* Sources */,
				6355664726D6EAF400FF57F0 /* Frameworks */,
				6355664826D6EAF400FF57F0 /* Resources */,
			);
			buildRules = (
			);
			dependencies = (
				6355664C26D6EAF400FF57F0 /* PBXTargetDependency */,
			);
			name = BuckSampleUITests;
			productName = BuckSampleUITests;
			productReference = 6355664A26D6EAF400FF57F0 /* BuckSampleUITests.xctest */;
			productType = "com.apple.product-type.bundle.ui-testing";
		};
/* End PBXNativeTarget section */

/* Begin PBXProject section */
		6355662126D6EAF300FF57F0 /* Project object */ = {
			isa = PBXProject;
			attributes = {
				LastSwiftUpdateCheck = 1250;
				LastUpgradeCheck = 1250;
				TargetAttributes = {
					6355662826D6EAF300FF57F0 = {
						CreatedOnToolsVersion = 12.5.1;
					};
					6355663E26D6EAF400FF57F0 = {
						CreatedOnToolsVersion = 12.5.1;
						TestTargetID = 6355662826D6EAF300FF57F0;
					};
					6355664926D6EAF400FF57F0 = {
						CreatedOnToolsVersion = 12.5.1;
						TestTargetID = 6355662826D6EAF300FF57F0;
					};
				};
			};
			buildConfigurationList = 6355662426D6EAF300FF57F0 /* Build configuration list for PBXProject "BuckSample" */;
			compatibilityVersion = "Xcode 9.3";
			developmentRegion = en;
			hasScannedForEncodings = 0;
			knownRegions = (
				en,
				Base,
			);
			mainGroup = 6355662026D6EAF300FF57F0;
			productRefGroup = 6355662A26D6EAF300FF57F0 /* Products */;
			projectDirPath = "";
			projectRoot = "";
			targets = (
				6355662826D6EAF300FF57F0 /* BuckSample */,
				6355663E26D6EAF400FF57F0 /* BuckSampleTests */,
				6355664926D6EAF400FF57F0 /* BuckSampleUITests */,
			);
		};
/* End PBXProject section */

/* Begin PBXResourcesBuildPhase section */
		6355662726D6EAF300FF57F0 /* Resources */ = {
			isa = PBXResourcesBuildPhase;
			buildActionMask = 2147483647;
			files = (
				6355663926D6EAF400FF57F0 /* LaunchScreen.storyboard in Resources */,
				6355663626D6EAF400FF57F0 /* Assets.xcassets in Resources */,
				6355663426D6EAF300FF57F0 /* Main.storyboard in Resources */,
			);
			runOnlyForDeploymentPostprocessing = 0;
		};
		6355663D26D6EAF400FF57F0 /* Resources */ = {
			isa = PBXResourcesBuildPhase;
			buildActionMask = 2147483647;
			files = (
			);
			runOnlyForDeploymentPostprocessing = 0;
		};
		6355664826D6EAF400FF57F0 /* Resources */ = {
			isa = PBXResourcesBuildPhase;
			buildActionMask = 2147483647;
			files = (
			);
			runOnlyForDeploymentPostprocessing = 0;
		};
/* End PBXResourcesBuildPhase section */

/* Begin PBXSourcesBuildPhase section */
		6355662526D6EAF300FF57F0 /* Sources */ = {
			isa = PBXSourcesBuildPhase;
			buildActionMask = 2147483647;
			files = (
				6355663126D6EAF300FF57F0 /* ViewController.swift in Sources */,
				6355662D26D6EAF300FF57F0 /* AppDelegate.swift in Sources */,
				6355662F26D6EAF300FF57F0 /* SceneDelegate.swift in Sources */,
			);
			runOnlyForDeploymentPostprocessing = 0;
		};
		6355663B26D6EAF400FF57F0 /* Sources */ = {
			isa = PBXSourcesBuildPhase;
			buildActionMask = 2147483647;
			files = (
				6355664426D6EAF400FF57F0 /* BuckSampleTests.swift in Sources */,
			);
			runOnlyForDeploymentPostprocessing = 0;
		};
		6355664626D6EAF400FF57F0 /* Sources */ = {
			isa = PBXSourcesBuildPhase;
			buildActionMask = 2147483647;
			files = (
				6355664F26D6EAF400FF57F0 /* BuckSampleUITests.swift in Sources */,
			);
			runOnlyForDeploymentPostprocessing = 0;
		};
/* End PBXSourcesBuildPhase section */

/* Begin PBXTargetDependency section */
		6355664126D6EAF400FF57F0 /* PBXTargetDependency */ = {
			isa = PBXTargetDependency;
			target = 6355662826D6EAF300FF57F0 /* BuckSample */;
			targetProxy = 6355664026D6EAF400FF57F0 /* PBXContainerItemProxy */;
		};
		6355664C26D6EAF400FF57F0 /* PBXTargetDependency */ = {
			isa = PBXTargetDependency;
			target = 6355662826D6EAF300FF57F0 /* BuckSample */;
			targetProxy = 6355664B26D6EAF400FF57F0 /* PBXContainerItemProxy */;
		};
/* End PBXTargetDependency section */

/* Begin PBXVariantGroup section */
		6355663226D6EAF300FF57F0 /* Main.storyboard */ = {
			isa = PBXVariantGroup;
			children = (
				6355663326D6EAF300FF57F0 /* Base */,
			);
			name = Main.storyboard;
			sourceTree = "<group>";
		};
		6355663726D6EAF400FF57F0 /* LaunchScreen.storyboard */ = {
			isa = PBXVariantGroup;
			children = (
				6355663826D6EAF400FF57F0 /* Base */,
			);
			name = LaunchScreen.storyboard;
			sourceTree = "<group>";
		};
/* End PBXVariantGroup section */

/* Begin XCBuildConfiguration section */
		6355665126D6EAF400FF57F0 /* Debug */ = {
			isa = XCBuildConfiguration;
			buildSettings = {
				ALWAYS_SEARCH_USER_PATHS = NO;
				CLANG_ANALYZER_NONNULL = YES;
				CLANG_ANALYZER_NUMBER_OBJECT_CONVERSION = YES_AGGRESSIVE;
				CLANG_CXX_LANGUAGE_STANDARD = "gnu++14";
				CLANG_CXX_LIBRARY = "libc++";
				CLANG_ENABLE_MODULES = YES;
				CLANG_ENABLE_OBJC_ARC = YES;
				CLANG_ENABLE_OBJC_WEAK = YES;
				CLANG_WARN_BLOCK_CAPTURE_AUTORELEASING = YES;
				CLANG_WARN_BOOL_CONVERSION = YES;
				CLANG_WARN_COMMA = YES;
				CLANG_WARN_CONSTANT_CONVERSION = YES;
				CLANG_WARN_DEPRECATED_OBJC_IMPLEMENTATIONS = YES;
				CLANG_WARN_DIRECT_OBJC_ISA_USAGE = YES_ERROR;
				CLANG_WARN_DOCUMENTATION_COMMENTS = YES;
				CLANG_WARN_EMPTY_BODY = YES;
				CLANG_WARN_ENUM_CONVERSION = YES;
				CLANG_WARN_INFINITE_RECURSION = YES;
				CLANG_WARN_INT_CONVERSION = YES;
				CLANG_WARN_NON_LITERAL_NULL_CONVERSION = YES;
				CLANG_WARN_OBJC_IMPLICIT_RETAIN_SELF = YES;
				CLANG_WARN_OBJC_LITERAL_CONVERSION = YES;
				CLANG_WARN_OBJC_ROOT_CLASS = YES_ERROR;
				CLANG_WARN_QUOTED_INCLUDE_IN_FRAMEWORK_HEADER = YES;
				CLANG_WARN_RANGE_LOOP_ANALYSIS = YES;
				CLANG_WARN_STRICT_PROTOTYPES = YES;
				CLANG_WARN_SUSPICIOUS_MOVE = YES;
				CLANG_WARN_UNGUARDED_AVAILABILITY = YES_AGGRESSIVE;
				CLANG_WARN_UNREACHABLE_CODE = YES;
				CLANG_WARN__DUPLICATE_METHOD_MATCH = YES;
				COPY_PHASE_STRIP = NO;
				DEBUG_INFORMATION_FORMAT = dwarf;
				ENABLE_STRICT_OBJC_MSGSEND = YES;
				ENABLE_TESTABILITY = YES;
				GCC_C_LANGUAGE_STANDARD = gnu11;
				GCC_DYNAMIC_NO_PIC = NO;
				GCC_NO_COMMON_BLOCKS = YES;
				GCC_OPTIMIZATION_LEVEL = 0;
				GCC_PREPROCESSOR_DEFINITIONS = (
					"DEBUG=1",
					"$(inherited)",
				);
				GCC_WARN_64_TO_32_BIT_CONVERSION = YES;
				GCC_WARN_ABOUT_RETURN_TYPE = YES_ERROR;
				GCC_WARN_UNDECLARED_SELECTOR = YES;
				GCC_WARN_UNINITIALIZED_AUTOS = YES_AGGRESSIVE;
				GCC_WARN_UNUSED_FUNCTION = YES;
				GCC_WARN_UNUSED_VARIABLE = YES;
				IPHONEOS_DEPLOYMENT_TARGET = 14.5;
				MTL_ENABLE_DEBUG_INFO = INCLUDE_SOURCE;
				MTL_FAST_MATH = YES;
				ONLY_ACTIVE_ARCH = YES;
				SDKROOT = iphoneos;
				SWIFT_ACTIVE_COMPILATION_CONDITIONS = DEBUG;
				SWIFT_OPTIMIZATION_LEVEL = "-Onone";
			};
			name = Debug;
		};
		6355665226D6EAF400FF57F0 /* Release */ = {
			isa = XCBuildConfiguration;
			buildSettings = {
				ALWAYS_SEARCH_USER_PATHS = NO;
				CLANG_ANALYZER_NONNULL = YES;
				CLANG_ANALYZER_NUMBER_OBJECT_CONVERSION = YES_AGGRESSIVE;
				CLANG_CXX_LANGUAGE_STANDARD = "gnu++14";
				CLANG_CXX_LIBRARY = "libc++";
				CLANG_ENABLE_MODULES = YES;
				CLANG_ENABLE_OBJC_ARC = YES;
				CLANG_ENABLE_OBJC_WEAK = YES;
				CLANG_WARN_BLOCK_CAPTURE_AUTORELEASING = YES;
				CLANG_WARN_BOOL_CONVERSION = YES;
				CLANG_WARN_COMMA = YES;
				CLANG_WARN_CONSTANT_CONVERSION = YES;
				CLANG_WARN_DEPRECATED_OBJC_IMPLEMENTATIONS = YES;
				CLANG_WARN_DIRECT_OBJC_ISA_USAGE = YES_ERROR;
				CLANG_WARN_DOCUMENTATION_COMMENTS = YES;
				CLANG_WARN_EMPTY_BODY = YES;
				CLANG_WARN_ENUM_CONVERSION = YES;
				CLANG_WARN_INFINITE_RECURSION = YES;
				CLANG_WARN_INT_CONVERSION = YES;
				CLANG_WARN_NON_LITERAL_NULL_CONVERSION = YES;
				CLANG_WARN_OBJC_IMPLICIT_RETAIN_SELF = YES;
				CLANG_WARN_OBJC_LITERAL_CONVERSION = YES;
				CLANG_WARN_OBJC_ROOT_CLASS = YES_ERROR;
				CLANG_WARN_QUOTED_INCLUDE_IN_FRAMEWORK_HEADER = YES;
				CLANG_WARN_RANGE_LOOP_ANALYSIS = YES;
				CLANG_WARN_STRICT_PROTOTYPES = YES;
				CLANG_WARN_SUSPICIOUS_MOVE = YES;
				CLANG_WARN_UNGUARDED_AVAILABILITY = YES_AGGRESSIVE;
				CLANG_WARN_UNREACHABLE_CODE = YES;
				CLANG_WARN__DUPLICATE_METHOD_MATCH = YES;
				COPY_PHASE_STRIP = NO;
				DEBUG_INFORMATION_FORMAT = "dwarf-with-dsym";
				ENABLE_NS_ASSERTIONS = NO;
				ENABLE_STRICT_OBJC_MSGSEND = YES;
				GCC_C_LANGUAGE_STANDARD = gnu11;
				GCC_NO_COMMON_BLOCKS = YES;
				GCC_WARN_64_TO_32_BIT_CONVERSION = YES;
				GCC_WARN_ABOUT_RETURN_TYPE = YES_ERROR;
				GCC_WARN_UNDECLARED_SELECTOR = YES;
				GCC_WARN_UNINITIALIZED_AUTOS = YES_AGGRESSIVE;
				GCC_WARN_UNUSED_FUNCTION = YES;
				GCC_WARN_UNUSED_VARIABLE = YES;
				IPHONEOS_DEPLOYMENT_TARGET = 14.5;
				MTL_ENABLE_DEBUG_INFO = NO;
				MTL_FAST_MATH = YES;
				SDKROOT = iphoneos;
				SWIFT_COMPILATION_MODE = wholemodule;
				SWIFT_OPTIMIZATION_LEVEL = "-O";
				VALIDATE_PRODUCT = YES;
			};
			name = Release;
		};
		6355665426D6EAF400FF57F0 /* Debug */ = {
			isa = XCBuildConfiguration;
			buildSettings = {
				ASSETCATALOG_COMPILER_APPICON_NAME = AppIcon;
				ASSETCATALOG_COMPILER_GLOBAL_ACCENT_COLOR_NAME = AccentColor;
				CODE_SIGN_STYLE = Automatic;
				DEVELOPMENT_TEAM = 3XRDDSP2M5;
				INFOPLIST_FILE = BuckSample/Info.plist;
				LD_RUNPATH_SEARCH_PATHS = (
					"$(inherited)",
					"@executable_path/Frameworks",
				);
				PRODUCT_BUNDLE_IDENTIFIER = br.com.rafaelgabriel.BuckSample;
				PRODUCT_NAME = "$(TARGET_NAME)";
				SWIFT_VERSION = 5.0;
				TARGETED_DEVICE_FAMILY = "1,2";
			};
			name = Debug;
		};
		6355665526D6EAF400FF57F0 /* Release */ = {
			isa = XCBuildConfiguration;
			buildSettings = {
				ASSETCATALOG_COMPILER_APPICON_NAME = AppIcon;
				ASSETCATALOG_COMPILER_GLOBAL_ACCENT_COLOR_NAME = AccentColor;
				CODE_SIGN_STYLE = Automatic;
				DEVELOPMENT_TEAM = 3XRDDSP2M5;
				INFOPLIST_FILE = BuckSample/Info.plist;
				LD_RUNPATH_SEARCH_PATHS = (
					"$(inherited)",
					"@executable_path/Frameworks",
				);
				PRODUCT_BUNDLE_IDENTIFIER = br.com.rafaelgabriel.BuckSample;
				PRODUCT_NAME = "$(TARGET_NAME)";
				SWIFT_VERSION = 5.0;
				TARGETED_DEVICE_FAMILY = "1,2";
			};
			name = Release;
		};
		6355665726D6EAF400FF57F0 /* Debug */ = {
			isa = XCBuildConfiguration;
			buildSettings = {
				ALWAYS_EMBED_SWIFT_STANDARD_LIBRARIES = YES;
				BUNDLE_LOADER = "$(TEST_HOST)";
				CODE_SIGN_STYLE = Automatic;
				DEVELOPMENT_TEAM = 3XRDDSP2M5;
				INFOPLIST_FILE = BuckSampleTests/Info.plist;
				IPHONEOS_DEPLOYMENT_TARGET = 14.5;
				LD_RUNPATH_SEARCH_PATHS = (
					"$(inherited)",
					"@executable_path/Frameworks",
					"@loader_path/Frameworks",
				);
				PRODUCT_BUNDLE_IDENTIFIER = br.com.rafaelgabriel.BuckSampleTests;
				PRODUCT_NAME = "$(TARGET_NAME)";
				SWIFT_VERSION = 5.0;
				TARGETED_DEVICE_FAMILY = "1,2";
				TEST_HOST = "$(BUILT_PRODUCTS_DIR)/BuckSample.app/BuckSample";
			};
			name = Debug;
		};
		6355665826D6EAF400FF57F0 /* Release */ = {
			isa = XCBuildConfiguration;
			buildSettings = {
				ALWAYS_EMBED_SWIFT_STANDARD_LIBRARIES = YES;
				BUNDLE_LOADER = "$(TEST_HOST)";
				CODE_SIGN_STYLE = Automatic;
				DEVELOPMENT_TEAM = 3XRDDSP2M5;
				INFOPLIST_FILE = BuckSampleTests/Info.plist;
				IPHONEOS_DEPLOYMENT_TARGET = 14.5;
				LD_RUNPATH_SEARCH_PATHS = (
					"$(inherited)",
					"@executable_path/Frameworks",
					"@loader_path/Frameworks",
				);
				PRODUCT_BUNDLE_IDENTIFIER = br.com.rafaelgabriel.BuckSampleTests;
				PRODUCT_NAME = "$(TARGET_NAME)";
				SWIFT_VERSION = 5.0;
				TARGETED_DEVICE_FAMILY = "1,2";
				TEST_HOST = "$(BUILT_PRODUCTS_DIR)/BuckSample.app/BuckSample";
			};
			name = Release;
		};
		6355665A26D6EAF400FF57F0 /* Debug */ = {
			isa = XCBuildConfiguration;
			buildSettings = {
				ALWAYS_EMBED_SWIFT_STANDARD_LIBRARIES = YES;
				CODE_SIGN_STYLE = Automatic;
				DEVELOPMENT_TEAM = 3XRDDSP2M5;
				INFOPLIST_FILE = BuckSampleUITests/Info.plist;
				LD_RUNPATH_SEARCH_PATHS = (
					"$(inherited)",
					"@executable_path/Frameworks",
					"@loader_path/Frameworks",
				);
				PRODUCT_BUNDLE_IDENTIFIER = br.com.rafaelgabriel.BuckSampleUITests;
				PRODUCT_NAME = "$(TARGET_NAME)";
				SWIFT_VERSION = 5.0;
				TARGETED_DEVICE_FAMILY = "1,2";
				TEST_TARGET_NAME = BuckSample;
			};
			name = Debug;
		};
		6355665B26D6EAF400FF57F0 /* Release */ = {
			isa = XCBuildConfiguration;
			buildSettings = {
				ALWAYS_EMBED_SWIFT_STANDARD_LIBRARIES = YES;
				CODE_SIGN_STYLE = Automatic;
				DEVELOPMENT_TEAM = 3XRDDSP2M5;
				INFOPLIST_FILE = BuckSampleUITests/Info.plist;
				LD_RUNPATH_SEARCH_PATHS = (
					"$(inherited)",
					"@executable_path/Frameworks",
					"@loader_path/Frameworks",
				);
				PRODUCT_BUNDLE_IDENTIFIER = br.com.rafaelgabriel.BuckSampleUITests;
				PRODUCT_NAME = "$(TARGET_NAME)";
				SWIFT_VERSION = 5.0;
				TARGETED_DEVICE_FAMILY = "1,2";
				TEST_TARGET_NAME = BuckSample;
			};
			name = Release;
		};
/* End XCBuildConfiguration section */

/* Begin XCConfigurationList section */
		6355662426D6EAF300FF57F0 /* Build configuration list for PBXProject "BuckSample" */ = {
			isa = XCConfigurationList;
			buildConfigurations = (
				6355665126D6EAF400FF57F0 /* Debug */,
				6355665226D6EAF400FF57F0 /* Release */,
			);
			defaultConfigurationIsVisible = 0;
			defaultConfigurationName = Release;
		};
		6355665326D6EAF400FF57F0 /* Build configuration list for PBXNativeTarget "BuckSample" */ = {
			isa = XCConfigurationList;
			buildConfigurations = (
				6355665426D6EAF400FF57F0 /* Debug */,
				6355665526D6EAF400FF57F0 /* Release */,
			);
			defaultConfigurationIsVisible = 0;
			defaultConfigurationName = Release;
		};
		6355665626D6EAF400FF57F0 /* Build configuration list for PBXNativeTarget "BuckSampleTests" */ = {
			isa = XCConfigurationList;
			buildConfigurations = (
				6355665726D6EAF400FF57F0 /* Debug */,
				6355665826D6EAF400FF57F0 /* Release */,
			);
			defaultConfigurationIsVisible = 0;
			defaultConfigurationName = Release;
		};
		6355665926D6EAF400FF57F0 /* Build configuration list for PBXNativeTarget "BuckSampleUITests" */ = {
			isa = XCConfigurationList;
			buildConfigurations = (
				6355665A26D6EAF400FF57F0 /* Debug */,
				6355665B26D6EAF400FF57F0 /* Release */,
			);
			defaultConfigurationIsVisible = 0;
			defaultConfigurationName = Release;
		};
/* End XCConfigurationList section */
	};
	rootObject = 6355662126D6EAF300FF57F0 /* Project object */;
}
